
Microsoft Visual Studio Solution File, Format Version 12.00
# Visual Studio Version 17
VisualStudioVersion = 17.4.33205.214
MinimumVisualStudioVersion = 10.0.40219.1
Project("{9A19103F-16F7-4668-BE54-9A1E7A4F7556}") = "Eparafia.Parish.API", "Eparafia.Parish.API\Eparafia.Parish.API.csproj", "{CA439DA2-3FAE-4E46-BDA1-DEC16403212A}"
EndProject
Project("{9A19103F-16F7-4668-BE54-9A1E7A4F7556}") = "Eparafia.Parish.Infrastructure", "Eparafia.Parish.Infrastructure\Eparafia.Parish.Infrastructure.csproj", "{DF00888E-C9AF-4DAD-9335-71B20A943DEF}"
EndProject
Project("{9A19103F-16F7-4668-BE54-9A1E7A4F7556}") = "Eparafia.Parish.Application", "Eparafia.Parish.Application\Eparafia.Parish.Application.csproj", "{E5E31ACA-2A86-44C1-A3AB-6B6A1F793173}"
EndProject
Project("{9A19103F-16F7-4668-BE54-9A1E7A4F7556}") = "Shared", "Shared\Shared.csproj", "{4000D01F-4CA4-4F45-9A38-41BF904D8DD6}"
EndProject
Project("{9A19103F-16F7-4668-BE54-9A1E7A4F7556}") = "Eparafia.Parish.Domain", "Eparafia.Parish.Domain\Eparafia.Parish.Domain.csproj", "{CF958C24-A487-48F6-B41A-BAF8E0667E6F}"
EndProject
Project("{2150E333-8FDC-42A3-9474-1A3956D46DE8}") = "Parish", "Parish", "{F3358B9B-F380-4391-8B02-48C1C69AF6B6}"
EndProject
Project("{2150E333-8FDC-42A3-9474-1A3956D46DE8}") = "Bible", "Bible", "{DC79D17C-B2A8-42E4-AE55-373E08695F86}"
EndProject
Project("{9A19103F-16F7-4668-BE54-9A1E7A4F7556}") = "Eparafia.Bible.Application", "Eparafia.Bible.Application\Eparafia.Bible.Application.csproj", "{D88AED45-DB7F-4D71-B777-8D341B5E7ACE}"
EndProject
Project("{9A19103F-16F7-4668-BE54-9A1E7A4F7556}") = "Eparafia.Bible.Infrastructure", "Eparafia.Bible.Infrastructure\Eparafia.Bible.Infrastructure.csproj", "{4ECF4B3A-B0E6-4913-9BB5-0DF9CACAB0EF}"
EndProject
Project("{9A19103F-16F7-4668-BE54-9A1E7A4F7556}") = "Eparafia.Bible.Domain", "Eparafia.Bible.Domain\Eparafia.Bible.Domain.csproj", "{AB1D39AD-F583-425E-A142-E862C98AC25D}"
EndProject
Project("{9A19103F-16F7-4668-BE54-9A1E7A4F7556}") = "Eparafia.Bible.API", "Eparafia.Bible.API\Eparafia.Bible.API.csproj", "{E9612CA5-B57D-48EB-A181-61A4C7D97E6C}"
EndProject
Project("{2150E333-8FDC-42A3-9474-1A3956D46DE8}") = "Shared", "Shared", "{7AE6B07B-B62D-4BD1-A466-87D3DB9F9D99}"
EndProject
Project("{2150E333-8FDC-42A3-9474-1A3956D46DE8}") = "Identity", "Identity", "{8DDC6889-2637-47AF-8827-65A1C167501B}"
EndProject
Project("{9A19103F-16F7-4668-BE54-9A1E7A4F7556}") = "Eparafia.Identity.API", "Eparafia.Identity.API\Eparafia.Identity.API.csproj", "{F08877EE-561C-40E5-994B-271075DDBD1C}"
EndProject
Project("{9A19103F-16F7-4668-BE54-9A1E7A4F7556}") = "Eparafia.Identity.Application", "Eparafia.Identity.Application\Eparafia.Identity.Application.csproj", "{FC86EAFF-3DDD-498A-8E25-9A231036F5B6}"
EndProject
Project("{9A19103F-16F7-4668-BE54-9A1E7A4F7556}") = "Eparafia.Identity.Infrastructure", "Eparafia.Identity.Infrastructure\Eparafia.Identity.Infrastructure.csproj", "{D1552B98-0CBE-4D29-8E6F-8D56074F00EB}"
EndProject
Project("{9A19103F-16F7-4668-BE54-9A1E7A4F7556}") = "Eparafia.Identity.Domain", "Eparafia.Identity.Domain\Eparafia.Identity.Domain.csproj", "{E2251709-BABA-4A5B-B914-AFF0E5AD8E5D}"
EndProject
Project("{E53339B2-1760-4266-BCC7-CA923CBCF16C}") = "docker-compose", "docker-compose.dcproj", "{97A10BB1-B53F-4FCC-A65B-74E3AEBC0B54}"
EndProject
Global
	GlobalSection(SolutionConfigurationPlatforms) = preSolution
		Debug|Any CPU = Debug|Any CPU
		Debug|x64 = Debug|x64
		Release|Any CPU = Release|Any CPU
		Release|x64 = Release|x64
	EndGlobalSection
	GlobalSection(ProjectConfigurationPlatforms) = postSolution
		{CA439DA2-3FAE-4E46-BDA1-DEC16403212A}.Debug|Any CPU.ActiveCfg = Debug|Any CPU
		{CA439DA2-3FAE-4E46-BDA1-DEC16403212A}.Debug|Any CPU.Build.0 = Debug|Any CPU
		{CA439DA2-3FAE-4E46-BDA1-DEC16403212A}.Debug|x64.ActiveCfg = Debug|Any CPU
		{CA439DA2-3FAE-4E46-BDA1-DEC16403212A}.Debug|x64.Build.0 = Debug|Any CPU
		{CA439DA2-3FAE-4E46-BDA1-DEC16403212A}.Release|Any CPU.ActiveCfg = Release|Any CPU
		{CA439DA2-3FAE-4E46-BDA1-DEC16403212A}.Release|Any CPU.Build.0 = Release|Any CPU
		{CA439DA2-3FAE-4E46-BDA1-DEC16403212A}.Release|x64.ActiveCfg = Release|Any CPU
		{CA439DA2-3FAE-4E46-BDA1-DEC16403212A}.Release|x64.Build.0 = Release|Any CPU
		{DF00888E-C9AF-4DAD-9335-71B20A943DEF}.Debug|Any CPU.ActiveCfg = Debug|Any CPU
		{DF00888E-C9AF-4DAD-9335-71B20A943DEF}.Debug|Any CPU.Build.0 = Debug|Any CPU
		{DF00888E-C9AF-4DAD-9335-71B20A943DEF}.Debug|x64.ActiveCfg = Debug|Any CPU
		{DF00888E-C9AF-4DAD-9335-71B20A943DEF}.Debug|x64.Build.0 = Debug|Any CPU
		{DF00888E-C9AF-4DAD-9335-71B20A943DEF}.Release|Any CPU.ActiveCfg = Release|Any CPU
		{DF00888E-C9AF-4DAD-9335-71B20A943DEF}.Release|Any CPU.Build.0 = Release|Any CPU
		{DF00888E-C9AF-4DAD-9335-71B20A943DEF}.Release|x64.ActiveCfg = Release|Any CPU
		{DF00888E-C9AF-4DAD-9335-71B20A943DEF}.Release|x64.Build.0 = Release|Any CPU
		{E5E31ACA-2A86-44C1-A3AB-6B6A1F793173}.Debug|Any CPU.ActiveCfg = Debug|Any CPU
		{E5E31ACA-2A86-44C1-A3AB-6B6A1F793173}.Debug|Any CPU.Build.0 = Debug|Any CPU
		{E5E31ACA-2A86-44C1-A3AB-6B6A1F793173}.Debug|x64.ActiveCfg = Debug|Any CPU
		{E5E31ACA-2A86-44C1-A3AB-6B6A1F793173}.Debug|x64.Build.0 = Debug|Any CPU
		{E5E31ACA-2A86-44C1-A3AB-6B6A1F793173}.Release|Any CPU.ActiveCfg = Release|Any CPU
		{E5E31ACA-2A86-44C1-A3AB-6B6A1F793173}.Release|Any CPU.Build.0 = Release|Any CPU
		{E5E31ACA-2A86-44C1-A3AB-6B6A1F793173}.Release|x64.ActiveCfg = Release|Any CPU
		{E5E31ACA-2A86-44C1-A3AB-6B6A1F793173}.Release|x64.Build.0 = Release|Any CPU
		{4000D01F-4CA4-4F45-9A38-41BF904D8DD6}.Debug|Any CPU.ActiveCfg = Debug|Any CPU
		{4000D01F-4CA4-4F45-9A38-41BF904D8DD6}.Debug|Any CPU.Build.0 = Debug|Any CPU
		{4000D01F-4CA4-4F45-9A38-41BF904D8DD6}.Debug|x64.ActiveCfg = Debug|Any CPU
		{4000D01F-4CA4-4F45-9A38-41BF904D8DD6}.Debug|x64.Build.0 = Debug|Any CPU
		{4000D01F-4CA4-4F45-9A38-41BF904D8DD6}.Release|Any CPU.ActiveCfg = Release|Any CPU
		{4000D01F-4CA4-4F45-9A38-41BF904D8DD6}.Release|Any CPU.Build.0 = Release|Any CPU
		{4000D01F-4CA4-4F45-9A38-41BF904D8DD6}.Release|x64.ActiveCfg = Release|Any CPU
		{4000D01F-4CA4-4F45-9A38-41BF904D8DD6}.Release|x64.Build.0 = Release|Any CPU
		{CF958C24-A487-48F6-B41A-BAF8E0667E6F}.Debug|Any CPU.ActiveCfg = Debug|Any CPU
		{CF958C24-A487-48F6-B41A-BAF8E0667E6F}.Debug|Any CPU.Build.0 = Debug|Any CPU
		{CF958C24-A487-48F6-B41A-BAF8E0667E6F}.Debug|x64.ActiveCfg = Debug|Any CPU
		{CF958C24-A487-48F6-B41A-BAF8E0667E6F}.Debug|x64.Build.0 = Debug|Any CPU
		{CF958C24-A487-48F6-B41A-BAF8E0667E6F}.Release|Any CPU.ActiveCfg = Release|Any CPU
		{CF958C24-A487-48F6-B41A-BAF8E0667E6F}.Release|Any CPU.Build.0 = Release|Any CPU
		{CF958C24-A487-48F6-B41A-BAF8E0667E6F}.Release|x64.ActiveCfg = Release|Any CPU
		{CF958C24-A487-48F6-B41A-BAF8E0667E6F}.Release|x64.Build.0 = Release|Any CPU
		{D88AED45-DB7F-4D71-B777-8D341B5E7ACE}.Debug|Any CPU.ActiveCfg = Debug|Any CPU
		{D88AED45-DB7F-4D71-B777-8D341B5E7ACE}.Debug|Any CPU.Build.0 = Debug|Any CPU
		{D88AED45-DB7F-4D71-B777-8D341B5E7ACE}.Debug|x64.ActiveCfg = Debug|Any CPU
		{D88AED45-DB7F-4D71-B777-8D341B5E7ACE}.Debug|x64.Build.0 = Debug|Any CPU
		{D88AED45-DB7F-4D71-B777-8D341B5E7ACE}.Release|Any CPU.ActiveCfg = Release|Any CPU
		{D88AED45-DB7F-4D71-B777-8D341B5E7ACE}.Release|Any CPU.Build.0 = Release|Any CPU
		{D88AED45-DB7F-4D71-B777-8D341B5E7ACE}.Release|x64.ActiveCfg = Release|Any CPU
		{D88AED45-DB7F-4D71-B777-8D341B5E7ACE}.Release|x64.Build.0 = Release|Any CPU
		{4ECF4B3A-B0E6-4913-9BB5-0DF9CACAB0EF}.Debug|Any CPU.ActiveCfg = Debug|Any CPU
		{4ECF4B3A-B0E6-4913-9BB5-0DF9CACAB0EF}.Debug|Any CPU.Build.0 = Debug|Any CPU
		{4ECF4B3A-B0E6-4913-9BB5-0DF9CACAB0EF}.Debug|x64.ActiveCfg = Debug|Any CPU
		{4ECF4B3A-B0E6-4913-9BB5-0DF9CACAB0EF}.Debug|x64.Build.0 = Debug|Any CPU
		{4ECF4B3A-B0E6-4913-9BB5-0DF9CACAB0EF}.Release|Any CPU.ActiveCfg = Release|Any CPU
		{4ECF4B3A-B0E6-4913-9BB5-0DF9CACAB0EF}.Release|Any CPU.Build.0 = Release|Any CPU
		{4ECF4B3A-B0E6-4913-9BB5-0DF9CACAB0EF}.Release|x64.ActiveCfg = Release|Any CPU
		{4ECF4B3A-B0E6-4913-9BB5-0DF9CACAB0EF}.Release|x64.Build.0 = Release|Any CPU
		{AB1D39AD-F583-425E-A142-E862C98AC25D}.Debug|Any CPU.ActiveCfg = Debug|Any CPU
		{AB1D39AD-F583-425E-A142-E862C98AC25D}.Debug|Any CPU.Build.0 = Debug|Any CPU
		{AB1D39AD-F583-425E-A142-E862C98AC25D}.Debug|x64.ActiveCfg = Debug|Any CPU
		{AB1D39AD-F583-425E-A142-E862C98AC25D}.Debug|x64.Build.0 = Debug|Any CPU
		{AB1D39AD-F583-425E-A142-E862C98AC25D}.Release|Any CPU.ActiveCfg = Release|Any CPU
		{AB1D39AD-F583-425E-A142-E862C98AC25D}.Release|Any CPU.Build.0 = Release|Any CPU
		{AB1D39AD-F583-425E-A142-E862C98AC25D}.Release|x64.ActiveCfg = Release|Any CPU
		{AB1D39AD-F583-425E-A142-E862C98AC25D}.Release|x64.Build.0 = Release|Any CPU
		{E9612CA5-B57D-48EB-A181-61A4C7D97E6C}.Debug|Any CPU.ActiveCfg = Debug|Any CPU
		{E9612CA5-B57D-48EB-A181-61A4C7D97E6C}.Debug|Any CPU.Build.0 = Debug|Any CPU
		{E9612CA5-B57D-48EB-A181-61A4C7D97E6C}.Debug|x64.ActiveCfg = Debug|Any CPU
		{E9612CA5-B57D-48EB-A181-61A4C7D97E6C}.Debug|x64.Build.0 = Debug|Any CPU
		{E9612CA5-B57D-48EB-A181-61A4C7D97E6C}.Release|Any CPU.ActiveCfg = Release|Any CPU
		{E9612CA5-B57D-48EB-A181-61A4C7D97E6C}.Release|Any CPU.Build.0 = Release|Any CPU
		{E9612CA5-B57D-48EB-A181-61A4C7D97E6C}.Release|x64.ActiveCfg = Release|Any CPU
		{E9612CA5-B57D-48EB-A181-61A4C7D97E6C}.Release|x64.Build.0 = Release|Any CPU
		{F08877EE-561C-40E5-994B-271075DDBD1C}.Debug|Any CPU.ActiveCfg = Debug|Any CPU
		{F08877EE-561C-40E5-994B-271075DDBD1C}.Debug|Any CPU.Build.0 = Debug|Any CPU
		{F08877EE-561C-40E5-994B-271075DDBD1C}.Debug|x64.ActiveCfg = Debug|Any CPU
		{F08877EE-561C-40E5-994B-271075DDBD1C}.Debug|x64.Build.0 = Debug|Any CPU
		{F08877EE-561C-40E5-994B-271075DDBD1C}.Release|Any CPU.ActiveCfg = Release|Any CPU
		{F08877EE-561C-40E5-994B-271075DDBD1C}.Release|Any CPU.Build.0 = Release|Any CPU
		{F08877EE-561C-40E5-994B-271075DDBD1C}.Release|x64.ActiveCfg = Release|Any CPU
		{F08877EE-561C-40E5-994B-271075DDBD1C}.Release|x64.Build.0 = Release|Any CPU
		{FC86EAFF-3DDD-498A-8E25-9A231036F5B6}.Debug|Any CPU.ActiveCfg = Debug|Any CPU
		{FC86EAFF-3DDD-498A-8E25-9A231036F5B6}.Debug|Any CPU.Build.0 = Debug|Any CPU
		{FC86EAFF-3DDD-498A-8E25-9A231036F5B6}.Debug|x64.ActiveCfg = Debug|Any CPU
		{FC86EAFF-3DDD-498A-8E25-9A231036F5B6}.Debug|x64.Build.0 = Debug|Any CPU
		{FC86EAFF-3DDD-498A-8E25-9A231036F5B6}.Release|Any CPU.ActiveCfg = Release|Any CPU
		{FC86EAFF-3DDD-498A-8E25-9A231036F5B6}.Release|Any CPU.Build.0 = Release|Any CPU
		{FC86EAFF-3DDD-498A-8E25-9A231036F5B6}.Release|x64.ActiveCfg = Release|Any CPU
		{FC86EAFF-3DDD-498A-8E25-9A231036F5B6}.Release|x64.Build.0 = Release|Any CPU
		{D1552B98-0CBE-4D29-8E6F-8D56074F00EB}.Debug|Any CPU.ActiveCfg = Debug|Any CPU
		{D1552B98-0CBE-4D29-8E6F-8D56074F00EB}.Debug|Any CPU.Build.0 = Debug|Any CPU
		{D1552B98-0CBE-4D29-8E6F-8D56074F00EB}.Debug|x64.ActiveCfg = Debug|Any CPU
		{D1552B98-0CBE-4D29-8E6F-8D56074F00EB}.Debug|x64.Build.0 = Debug|Any CPU
		{D1552B98-0CBE-4D29-8E6F-8D56074F00EB}.Release|Any CPU.ActiveCfg = Release|Any CPU
		{D1552B98-0CBE-4D29-8E6F-8D56074F00EB}.Release|Any CPU.Build.0 = Release|Any CPU
		{D1552B98-0CBE-4D29-8E6F-8D56074F00EB}.Release|x64.ActiveCfg = Release|Any CPU
		{D1552B98-0CBE-4D29-8E6F-8D56074F00EB}.Release|x64.Build.0 = Release|Any CPU
		{E2251709-BABA-4A5B-B914-AFF0E5AD8E5D}.Debug|Any CPU.ActiveCfg = Debug|Any CPU
		{E2251709-BABA-4A5B-B914-AFF0E5AD8E5D}.Debug|Any CPU.Build.0 = Debug|Any CPU
		{E2251709-BABA-4A5B-B914-AFF0E5AD8E5D}.Debug|x64.ActiveCfg = Debug|Any CPU
		{E2251709-BABA-4A5B-B914-AFF0E5AD8E5D}.Debug|x64.Build.0 = Debug|Any CPU
		{E2251709-BABA-4A5B-B914-AFF0E5AD8E5D}.Release|Any CPU.ActiveCfg = Release|Any CPU
		{E2251709-BABA-4A5B-B914-AFF0E5AD8E5D}.Release|Any CPU.Build.0 = Release|Any CPU
		{E2251709-BABA-4A5B-B914-AFF0E5AD8E5D}.Release|x64.ActiveCfg = Release|Any CPU
		{E2251709-BABA-4A5B-B914-AFF0E5AD8E5D}.Release|x64.Build.0 = Release|Any CPU
		{97A10BB1-B53F-4FCC-A65B-74E3AEBC0B54}.Debug|Any CPU.ActiveCfg = Debug|Any CPU
		{97A10BB1-B53F-4FCC-A65B-74E3AEBC0B54}.Debug|Any CPU.Build.0 = Debug|Any CPU
		{97A10BB1-B53F-4FCC-A65B-74E3AEBC0B54}.Debug|x64.ActiveCfg = Debug|Any CPU
		{97A10BB1-B53F-4FCC-A65B-74E3AEBC0B54}.Debug|x64.Build.0 = Debug|Any CPU
		{97A10BB1-B53F-4FCC-A65B-74E3AEBC0B54}.Release|Any CPU.ActiveCfg = Release|Any CPU
		{97A10BB1-B53F-4FCC-A65B-74E3AEBC0B54}.Release|Any CPU.Build.0 = Release|Any CPU
		{97A10BB1-B53F-4FCC-A65B-74E3AEBC0B54}.Release|x64.ActiveCfg = Release|Any CPU
		{97A10BB1-B53F-4FCC-A65B-74E3AEBC0B54}.Release|x64.Build.0 = Release|Any CPU
	EndGlobalSection
	GlobalSection(SolutionProperties) = preSolution
		HideSolutionNode = FALSE
	EndGlobalSection
	GlobalSection(NestedProjects) = preSolution
		{CA439DA2-3FAE-4E46-BDA1-DEC16403212A} = {F3358B9B-F380-4391-8B02-48C1C69AF6B6}
		{DF00888E-C9AF-4DAD-9335-71B20A943DEF} = {F3358B9B-F380-4391-8B02-48C1C69AF6B6}
		{E5E31ACA-2A86-44C1-A3AB-6B6A1F793173} = {F3358B9B-F380-4391-8B02-48C1C69AF6B6}
		{4000D01F-4CA4-4F45-9A38-41BF904D8DD6} = {7AE6B07B-B62D-4BD1-A466-87D3DB9F9D99}
		{CF958C24-A487-48F6-B41A-BAF8E0667E6F} = {F3358B9B-F380-4391-8B02-48C1C69AF6B6}
		{D88AED45-DB7F-4D71-B777-8D341B5E7ACE} = {DC79D17C-B2A8-42E4-AE55-373E08695F86}
		{4ECF4B3A-B0E6-4913-9BB5-0DF9CACAB0EF} = {DC79D17C-B2A8-42E4-AE55-373E08695F86}
		{AB1D39AD-F583-425E-A142-E862C98AC25D} = {DC79D17C-B2A8-42E4-AE55-373E08695F86}
		{E9612CA5-B57D-48EB-A181-61A4C7D97E6C} = {DC79D17C-B2A8-42E4-AE55-373E08695F86}
		{F08877EE-561C-40E5-994B-271075DDBD1C} = {8DDC6889-2637-47AF-8827-65A1C167501B}
		{FC86EAFF-3DDD-498A-8E25-9A231036F5B6} = {8DDC6889-2637-47AF-8827-65A1C167501B}
		{D1552B98-0CBE-4D29-8E6F-8D56074F00EB} = {8DDC6889-2637-47AF-8827-65A1C167501B}
		{E2251709-BABA-4A5B-B914-AFF0E5AD8E5D} = {8DDC6889-2637-47AF-8827-65A1C167501B}
	EndGlobalSection
	GlobalSection(ExtensibilityGlobals) = postSolution
		SolutionGuid = {41D0044D-F505-4022-8B69-F04BDBA07675}
	EndGlobalSection
EndGlobal
